{
  "name": "git-flow",
  "version": "1.0.0",
  "lockfileVersion": 1,
  "requires": true,
  "dependencies": {
    "@kwsites/file-exists": {
      "version": "1.1.1",
      "resolved": "https://registry.npm.taobao.org/@kwsites/file-exists/download/@kwsites/file-exists-1.1.1.tgz",
      "integrity": "sha1-rR78rBPhmH2NuvI17zvlsNlvqpk=",
      "requires": {
        "debug": "^4.1.1"
      }
    },
    "@kwsites/promise-deferred": {
      "version": "1.1.1",
      "resolved": "https://registry.npm.taobao.org/@kwsites/promise-deferred/download/@kwsites/promise-deferred-1.1.1.tgz",
      "integrity": "sha1-is5SWSVEJszvV/MXW8ZO1wle2Rk="
    },
    "debug": {
      "version": "4.3.2",
      "resolved": "https://registry.npm.taobao.org/debug/download/debug-4.3.2.tgz?cache=0&sync_timestamp=1607566517339&other_urls=https%3A%2F%2Fregistry.npm.taobao.org%2Fdebug%2Fdownload%2Fdebug-4.3.2.tgz",
      "integrity": "sha1-8KScGKyHeeMdSgxgKd+3aHPHQos=",
      "requires": {
        "ms": "2.1.2"
      }
    },
    "ms": {
      "version": "2.1.2",
      "resolved": "https://registry.npm.taobao.org/ms/download/ms-2.1.2.tgz?cache=0&sync_timestamp=1607433988749&other_urls=https%3A%2F%2Fregistry.npm.taobao.org%2Fms%2Fdownload%2Fms-2.1.2.tgz",
      "integrity": "sha1-0J0fNXtEP0kzgqjrPM0YOHKuYAk="
    },
    "readline-sync": {
      "version": "1.4.10",
      "resolved": "https://registry.npm.taobao.org/readline-sync/download/readline-sync-1.4.10.tgz",
      "integrity": "sha1-Qd9/u0tjEtZzARWUFFcFv1bYhzs="
    },
    "simple-git": {
      "version": "2.37.0",
      "resolved": "https://registry.npm.taobao.org/simple-git/download/simple-git-2.37.0.tgz?cache=0&sync_timestamp=1615854090189&other_urls=https%3A%2F%2Fregistry.npm.taobao.org%2Fsimple-git%2Fdownload%2Fsimple-git-2.37.0.tgz",
      "integrity": "sha1-nPMKH+b1hFOiyj5lViQos4/3b4Q=",
      "requires": {
        "@kwsites/file-exists": "^1.1.1",
        "@kwsites/promise-deferred": "^1.1.1",
        "debug": "^4.3.2"
      }
    }
  }
}
